{
  "name": "testproj",
  "version": "1.0.0",
  "lockfileVersion": 2,
  "requires": true,
  "packages": {
    "": {
      "name": "testproj",
      "version": "1.0.0",
      "license": "ISC",
      "dependencies": {
        "@kokomi/w3g-parser": "^0.0.6",
        "@kokomi/w3g-parser-browser": "^0.0.16",
        "bytebuffer": "^5.0.1",
        "typescript": "^4.9.3"
      }
    },
    "node_modules/@kokomi/w3g-parser": {
      "version": "0.0.6",
      "resolved": "https://registry.npmjs.org/@kokomi/w3g-parser/-/w3g-parser-0.0.6.tgz",
      "integrity": "sha512-5zGgmNh4q0L3wDUbVFwwIiMx4JYXKV236TlQDIazAzn9ppoCCdvgvH5SMSW8zzM1eWlilMr0BE1y0lRs1PN/pg==",
      "peerDependencies": {
        "bytebuffer": "^5.0.1"
      }
    },
    "node_modules/@kokomi/w3g-parser-browser": {
      "version": "0.0.16",
      "resolved": "https://registry.npmjs.org/@kokomi/w3g-parser-browser/-/w3g-parser-browser-0.0.16.tgz",
      "integrity": "sha512-Zwb6rfPTzZm4BMDi/m14Il4qxMjc1/0Rpxw7ri9zdtcCDb/Xc7XRJ2sRtw8pM7/52FFdnqOKZvGMCKW1N1fuLQ==",
      "dependencies": {
        "pako": "^2.0.4"
      }
    },
    "node_modules/bytebuffer": {
      "version": "5.0.1",
      "resolved": "https://registry.npmjs.org/bytebuffer/-/bytebuffer-5.0.1.tgz",
      "integrity": "sha512-IuzSdmADppkZ6DlpycMkm8l9zeEq16fWtLvunEwFiYciR/BHo4E8/xs5piFquG+Za8OWmMqHF8zuRviz2LHvRQ==",
      "dependencies": {
        "long": "~3"
      },
      "engines": {
        "node": ">=0.8"
      }
    },
    "node_modules/long": {
      "version": "3.2.0",
      "resolved": "https://registry.npmjs.org/long/-/long-3.2.0.tgz",
      "integrity": "sha512-ZYvPPOMqUwPoDsbJaR10iQJYnMuZhRTvHYl62ErLIEX7RgFlziSBUUvrt3OVfc47QlHHpzPZYP17g3Fv7oeJkg==",
      "engines": {
        "node": ">=0.6"
      }
    },
    "node_modules/pako": {
      "version": "2.1.0",
      "resolved": "https://registry.npmjs.org/pako/-/pako-2.1.0.tgz",
      "integrity": "sha512-w+eufiZ1WuJYgPXbV/PO3NCMEc3xqylkKHzp8bxp1uW4qaSNQUkwmLLEc3kKsfz8lpV1F8Ht3U1Cm+9Srog2ug=="
    },
    "node_modules/typescript": {
      "version": "4.9.3",
      "resolved": "https://registry.npmjs.org/typescript/-/typescript-4.9.3.tgz",
      "integrity": "sha512-CIfGzTelbKNEnLpLdGFgdyKhG23CKdKgQPOBc+OUNrkJ2vr+KSzsSV5kq5iWhEQbok+quxgGzrAtGWCyU7tHnA==",
      "bin": {
        "tsc": "bin/tsc",
        "tsserver": "bin/tsserver"
      },
      "engines": {
        "node": ">=4.2.0"
      }
    }
  },
  "dependencies": {
    "@kokomi/w3g-parser": {
      "version": "0.0.6",
      "resolved": "https://registry.npmjs.org/@kokomi/w3g-parser/-/w3g-parser-0.0.6.tgz",
      "integrity": "sha512-5zGgmNh4q0L3wDUbVFwwIiMx4JYXKV236TlQDIazAzn9ppoCCdvgvH5SMSW8zzM1eWlilMr0BE1y0lRs1PN/pg=="
    },
    "@kokomi/w3g-parser-browser": {
      "version": "0.0.16",
      "resolved": "https://registry.npmjs.org/@kokomi/w3g-parser-browser/-/w3g-parser-browser-0.0.16.tgz",
      "integrity": "sha512-Zwb6rfPTzZm4BMDi/m14Il4qxMjc1/0Rpxw7ri9zdtcCDb/Xc7XRJ2sRtw8pM7/52FFdnqOKZvGMCKW1N1fuLQ==",
      "requires": {
        "pako": "^2.0.4"
      }
    },
    "bytebuffer": {
      "version": "5.0.1",
      "resolved": "https://registry.npmjs.org/bytebuffer/-/bytebuffer-5.0.1.tgz",
      "integrity": "sha512-IuzSdmADppkZ6DlpycMkm8l9zeEq16fWtLvunEwFiYciR/BHo4E8/xs5piFquG+Za8OWmMqHF8zuRviz2LHvRQ==",
      "requires": {
        "long": "~3"
      }
    },
    "long": {
      "version": "3.2.0",
      "resolved": "https://registry.npmjs.org/long/-/long-3.2.0.tgz",
      "integrity": "sha512-ZYvPPOMqUwPoDsbJaR10iQJYnMuZhRTvHYl62ErLIEX7RgFlziSBUUvrt3OVfc47QlHHpzPZYP17g3Fv7oeJkg=="
    },
    "pako": {
      "version": "2.1.0",
      "resolved": "https://registry.npmjs.org/pako/-/pako-2.1.0.tgz",
      "integrity": "sha512-w+eufiZ1WuJYgPXbV/PO3NCMEc3xqylkKHzp8bxp1uW4qaSNQUkwmLLEc3kKsfz8lpV1F8Ht3U1Cm+9Srog2ug=="
    },
    "typescript": {
      "version": "4.9.3",
      "resolved": "https://registry.npmjs.org/typescript/-/typescript-4.9.3.tgz",
      "integrity": "sha512-CIfGzTelbKNEnLpLdGFgdyKhG23CKdKgQPOBc+OUNrkJ2vr+KSzsSV5kq5iWhEQbok+quxgGzrAtGWCyU7tHnA=="
    }
  }
}
